
Microsoft Visual Studio Solution File, Format Version 12.00
# Visual Studio 2013
VisualStudioVersion = 12.0.30501.0
MinimumVisualStudioVersion = 10.0.40219.1
Project("{F2A71F9B-5D33-465A-A702-920D77279786}") = "SmsWeb", "SmsWeb\SmsWeb.fsproj", "{ECA7E3D3-3C69-48B2-B825-516238E15BA9}"
EndProject
Project("{2150E333-8FDC-42A3-9474-1A3956D46DE8}") = ".nuget", ".nuget", "{AB8A995A-DB49-462E-9DA4-7BBCBC342F40}"
	ProjectSection(SolutionItems) = preProject
		.nuget\packages.config = .nuget\packages.config
	EndProjectSection
EndProject
Project("{F2A71F9B-5D33-465A-A702-920D77279786}") = "SmsWeb.Models", "SmsWeb.Models\SmsWeb.Models.fsproj", "{5CED446C-5AE3-4A98-B257-998BA2E2FA09}"
EndProject
Global
	GlobalSection(SolutionConfigurationPlatforms) = preSolution
		Debug|Any CPU = Debug|Any CPU
		Release|Any CPU = Release|Any CPU
	EndGlobalSection
	GlobalSection(ProjectConfigurationPlatforms) = postSolution
		{ECA7E3D3-3C69-48B2-B825-516238E15BA9}.Debug|Any CPU.ActiveCfg = Debug|Any CPU
		{ECA7E3D3-3C69-48B2-B825-516238E15BA9}.Debug|Any CPU.Build.0 = Debug|Any CPU
		{ECA7E3D3-3C69-48B2-B825-516238E15BA9}.Release|Any CPU.ActiveCfg = Release|Any CPU
		{ECA7E3D3-3C69-48B2-B825-516238E15BA9}.Release|Any CPU.Build.0 = Release|Any CPU
		{5CED446C-5AE3-4A98-B257-998BA2E2FA09}.Debug|Any CPU.ActiveCfg = Debug|Any CPU
		{5CED446C-5AE3-4A98-B257-998BA2E2FA09}.Debug|Any CPU.Build.0 = Debug|Any CPU
		{5CED446C-5AE3-4A98-B257-998BA2E2FA09}.Release|Any CPU.ActiveCfg = Release|Any CPU
		{5CED446C-5AE3-4A98-B257-998BA2E2FA09}.Release|Any CPU.Build.0 = Release|Any CPU
	EndGlobalSection
	GlobalSection(SolutionProperties) = preSolution
		HideSolutionNode = FALSE
	EndGlobalSection
EndGlobal
